
Microsoft Visual Studio Solution File, Format Version 12.00
# Visual Studio Version 17
VisualStudioVersion = 17.4.33213.308
MinimumVisualStudioVersion = 10.0.40219.1
Project("{FAE04EC0-301F-11D3-BF4B-00C04F79EFBC}") = "CalcularFrete", "CalcularFrete\CalcularFrete.csproj", "{860D409B-A19E-4B52-B450-6D7BB48CEA76}"
EndProject
Global
	GlobalSection(SolutionConfigurationPlatforms) = preSolution
		Debug|Any CPU = Debug|Any CPU
		Release|Any CPU = Release|Any CPU
	EndGlobalSection
	GlobalSection(ProjectConfigurationPlatforms) = postSolution
		{860D409B-A19E-4B52-B450-6D7BB48CEA76}.Debug|Any CPU.ActiveCfg = Debug|Any CPU
		{860D409B-A19E-4B52-B450-6D7BB48CEA76}.Debug|Any CPU.Build.0 = Debug|Any CPU
		{860D409B-A19E-4B52-B450-6D7BB48CEA76}.Release|Any CPU.ActiveCfg = Release|Any CPU
		{860D409B-A19E-4B52-B450-6D7BB48CEA76}.Release|Any CPU.Build.0 = Release|Any CPU
	EndGlobalSection
	GlobalSection(SolutionProperties) = preSolution
		HideSolutionNode = FALSE
	EndGlobalSection
	GlobalSection(ExtensibilityGlobals) = postSolution
		SolutionGuid = {9D4A99D8-2797-4346-BFDF-E7EC189ABD51}
	EndGlobalSection
EndGlobal
